
Microsoft Visual Studio Solution File, Format Version 12.00
# Visual Studio Version 16
VisualStudioVersion = 16.0.30907.101
MinimumVisualStudioVersion = 10.0.40219.1
Project("{FAE04EC0-301F-11D3-BF4B-00C04F79EFBC}") = "WebFastfood", "WebFastfood.csproj", "{ACC25207-11B3-4969-A819-12A5ACD4FF76}"
EndProject
Global
	GlobalSection(SolutionConfigurationPlatforms) = preSolution
		Debug|Any CPU = Debug|Any CPU
		Release|Any CPU = Release|Any CPU
	EndGlobalSection
	GlobalSection(ProjectConfigurationPlatforms) = postSolution
		{ACC25207-11B3-4969-A819-12A5ACD4FF76}.Debug|Any CPU.ActiveCfg = Debug|Any CPU
		{ACC25207-11B3-4969-A819-12A5ACD4FF76}.Debug|Any CPU.Build.0 = Debug|Any CPU
		{ACC25207-11B3-4969-A819-12A5ACD4FF76}.Release|Any CPU.ActiveCfg = Release|Any CPU
		{ACC25207-11B3-4969-A819-12A5ACD4FF76}.Release|Any CPU.Build.0 = Release|Any CPU
	EndGlobalSection
	GlobalSection(SolutionProperties) = preSolution
		HideSolutionNode = FALSE
	EndGlobalSection
	GlobalSection(ExtensibilityGlobals) = postSolution
		SolutionGuid = {D64F4FF9-9ADF-45AD-925E-01242DA5FBFE}
	EndGlobalSection
EndGlobal
